
Microsoft Visual Studio Solution File, Format Version 12.00
# Visual Studio Version 17
VisualStudioVersion = 17.3.32929.385
MinimumVisualStudioVersion = 10.0.40219.1
Project("{FAE04EC0-301F-11D3-BF4B-00C04F79EFBC}") = "Gestion_Des_Employés", "Gestion_Des_Employés\Gestion_Des_Employés.csproj", "{C16153DE-85FE-4B58-A5A1-9420C3B0EF1B}"
EndProject
Global
	GlobalSection(SolutionConfigurationPlatforms) = preSolution
		Debug|Any CPU = Debug|Any CPU
		Release|Any CPU = Release|Any CPU
	EndGlobalSection
	GlobalSection(ProjectConfigurationPlatforms) = postSolution
		{C16153DE-85FE-4B58-A5A1-9420C3B0EF1B}.Debug|Any CPU.ActiveCfg = Debug|Any CPU
		{C16153DE-85FE-4B58-A5A1-9420C3B0EF1B}.Debug|Any CPU.Build.0 = Debug|Any CPU
		{C16153DE-85FE-4B58-A5A1-9420C3B0EF1B}.Release|Any CPU.ActiveCfg = Release|Any CPU
		{C16153DE-85FE-4B58-A5A1-9420C3B0EF1B}.Release|Any CPU.Build.0 = Release|Any CPU
	EndGlobalSection
	GlobalSection(SolutionProperties) = preSolution
		HideSolutionNode = FALSE
	EndGlobalSection
	GlobalSection(ExtensibilityGlobals) = postSolution
		SolutionGuid = {B754DCD0-AC65-4370-A0AE-B0FC415318EE}
	EndGlobalSection
EndGlobal
